
Microsoft Visual Studio Solution File, Format Version 12.00
# Visual Studio Version 17
VisualStudioVersion = 17.2.32630.192
MinimumVisualStudioVersion = 10.0.40219.1
Project("{FAE04EC0-301F-11D3-BF4B-00C04F79EFBC}") = "MarsQuestion", "MarsQuestion\MarsQuestion.csproj", "{1332D0BF-50CB-44FF-8D14-29E80FDA72A5}"
EndProject
Project("{FAE04EC0-301F-11D3-BF4B-00C04F79EFBC}") = "Services", "Services\Services.csproj", "{78DBDC68-BD33-4946-9787-7E1AF8836165}"
EndProject
Project("{FAE04EC0-301F-11D3-BF4B-00C04F79EFBC}") = "MarsQuestion.Tests", "MarsQuestion.Tests\MarsQuestion.Tests.csproj", "{7ADC15F2-6996-4B27-9FD2-3B76285FE8AD}"
EndProject
Global
	GlobalSection(SolutionConfigurationPlatforms) = preSolution
		Debug|Any CPU = Debug|Any CPU
		Release|Any CPU = Release|Any CPU
	EndGlobalSection
	GlobalSection(ProjectConfigurationPlatforms) = postSolution
		{1332D0BF-50CB-44FF-8D14-29E80FDA72A5}.Debug|Any CPU.ActiveCfg = Debug|Any CPU
		{1332D0BF-50CB-44FF-8D14-29E80FDA72A5}.Debug|Any CPU.Build.0 = Debug|Any CPU
		{1332D0BF-50CB-44FF-8D14-29E80FDA72A5}.Release|Any CPU.ActiveCfg = Release|Any CPU
		{1332D0BF-50CB-44FF-8D14-29E80FDA72A5}.Release|Any CPU.Build.0 = Release|Any CPU
		{78DBDC68-BD33-4946-9787-7E1AF8836165}.Debug|Any CPU.ActiveCfg = Debug|Any CPU
		{78DBDC68-BD33-4946-9787-7E1AF8836165}.Debug|Any CPU.Build.0 = Debug|Any CPU
		{78DBDC68-BD33-4946-9787-7E1AF8836165}.Release|Any CPU.ActiveCfg = Release|Any CPU
		{78DBDC68-BD33-4946-9787-7E1AF8836165}.Release|Any CPU.Build.0 = Release|Any CPU
		{7ADC15F2-6996-4B27-9FD2-3B76285FE8AD}.Debug|Any CPU.ActiveCfg = Debug|Any CPU
		{7ADC15F2-6996-4B27-9FD2-3B76285FE8AD}.Debug|Any CPU.Build.0 = Debug|Any CPU
		{7ADC15F2-6996-4B27-9FD2-3B76285FE8AD}.Release|Any CPU.ActiveCfg = Release|Any CPU
		{7ADC15F2-6996-4B27-9FD2-3B76285FE8AD}.Release|Any CPU.Build.0 = Release|Any CPU
	EndGlobalSection
	GlobalSection(SolutionProperties) = preSolution
		HideSolutionNode = FALSE
	EndGlobalSection
	GlobalSection(ExtensibilityGlobals) = postSolution
		SolutionGuid = {2FE167FD-FFB7-493C-BDC7-26D3E39254F5}
	EndGlobalSection
EndGlobal
